// !$*UTF8*$!
{
	archiveVersion = 1;
	classes = {
	};
	objectVersion = 45;
	objects = {

/* Begin PBXBuildFile section */
		1D3623260D0F684500981E51 /* Objective_ZipAppDelegate.m in Sources */ = {isa = PBXBuildFile; fileRef = 1D3623250D0F684500981E51 /* Objective_ZipAppDelegate.m */; };
		1D60589B0D05DD56006BFB54 /* main.m in Sources */ = {isa = PBXBuildFile; fileRef = 29B97316FDCFA39411CA2CEA /* main.m */; };
		1D60589F0D05DD5A006BFB54 /* Foundation.framework in Frameworks */ = {isa = PBXBuildFile; fileRef = 1D30AB110D05D00D00671497 /* Foundation.framework */; };
		1DF5F4E00D08C38300B7A737 /* UIKit.framework in Frameworks */ = {isa = PBXBuildFile; fileRef = 1DF5F4DF0D08C38300B7A737 /* UIKit.framework */; };
		288765A50DF7441C002DB57D /* CoreGraphics.framework in Frameworks */ = {isa = PBXBuildFile; fileRef = 288765A40DF7441C002DB57D /* CoreGraphics.framework */; };
		2899E5220DE3E06400AC0155 /* Objective_ZipViewController.xib in Resources */ = {isa = PBXBuildFile; fileRef = 2899E5210DE3E06400AC0155 /* Objective_ZipViewController.xib */; };
		28AD733F0D9D9553002E5188 /* MainWindow.xib in Resources */ = {isa = PBXBuildFile; fileRef = 28AD733E0D9D9553002E5188 /* MainWindow.xib */; };
		28D7ACF80DDB3853001CB0EB /* Objective_ZipViewController.m in Sources */ = {isa = PBXBuildFile; fileRef = 28D7ACF70DDB3853001CB0EB /* Objective_ZipViewController.m */; };
		8C8F2D3A10EBC94B00F75833 /* Default.png in Resources */ = {isa = PBXBuildFile; fileRef = 8C8F2D3910EBC94B00F75833 /* Default.png */; };
		8C8F2D9310EBCE0300F75833 /* ObjectiveZipIcon.png in Resources */ = {isa = PBXBuildFile; fileRef = 8C8F2D9210EBCE0300F75833 /* ObjectiveZipIcon.png */; };
		B319802F135D159B00741E77 /* libz.dylib in Frameworks */ = {isa = PBXBuildFile; fileRef = B319802E135D159B00741E77 /* libz.dylib */; };
		B319805A135D179500741E77 /* ioapi.c in Sources */ = {isa = PBXBuildFile; fileRef = B3198047135D179500741E77 /* ioapi.c */; };
		B319805B135D179500741E77 /* mztools.c in Sources */ = {isa = PBXBuildFile; fileRef = B3198049135D179500741E77 /* mztools.c */; };
		B319805C135D179500741E77 /* unzip.c in Sources */ = {isa = PBXBuildFile; fileRef = B319804B135D179500741E77 /* unzip.c */; };
		B319805D135D179500741E77 /* zip.c in Sources */ = {isa = PBXBuildFile; fileRef = B319804D135D179500741E77 /* zip.c */; };
		B319805E135D179500741E77 /* FileInZipInfo.m in Sources */ = {isa = PBXBuildFile; fileRef = B3198051135D179500741E77 /* FileInZipInfo.m */; };
		B319805F135D179500741E77 /* ZipException.m in Sources */ = {isa = PBXBuildFile; fileRef = B3198053135D179500741E77 /* ZipException.m */; };
		B3198060135D179500741E77 /* ZipFile.m in Sources */ = {isa = PBXBuildFile; fileRef = B3198055135D179500741E77 /* ZipFile.m */; };
		B3198061135D179500741E77 /* ZipReadStream.m in Sources */ = {isa = PBXBuildFile; fileRef = B3198057135D179500741E77 /* ZipReadStream.m */; };
		B3198062135D179500741E77 /* ZipWriteStream.m in Sources */ = {isa = PBXBuildFile; fileRef = B3198059135D179500741E77 /* ZipWriteStream.m */; };
/* End PBXBuildFile section */

/* Begin PBXFileReference section */
		1D30AB110D05D00D00671497 /* Foundation.framework */ = {isa = PBXFileReference; lastKnownFileType = wrapper.framework; name = Foundation.framework; path = System/Library/Frameworks/Foundation.framework; sourceTree = SDKROOT; };
		1D3623240D0F684500981E51 /* Objective_ZipAppDelegate.h */ = {isa = PBXFileReference; fileEncoding = 4; lastKnownFileType = sourcecode.c.h; path = Objective_ZipAppDelegate.h; sourceTree = "<group>"; };
		1D3623250D0F684500981E51 /* Objective_ZipAppDelegate.m */ = {isa = PBXFileReference; fileEncoding = 4; lastKnownFileType = sourcecode.c.objc; path = Objective_ZipAppDelegate.m; sourceTree = "<group>"; };
		1D6058910D05DD3D006BFB54 /* Objective-Zip.app */ = {isa = PBXFileReference; explicitFileType = wrapper.application; includeInIndex = 0; path = "Objective-Zip.app"; sourceTree = BUILT_PRODUCTS_DIR; };
		1DF5F4DF0D08C38300B7A737 /* UIKit.framework */ = {isa = PBXFileReference; lastKnownFileType = wrapper.framework; name = UIKit.framework; path = System/Library/Frameworks/UIKit.framework; sourceTree = SDKROOT; };
		288765A40DF7441C002DB57D /* CoreGraphics.framework */ = {isa = PBXFileReference; lastKnownFileType = wrapper.framework; name = CoreGraphics.framework; path = System/Library/Frameworks/CoreGraphics.framework; sourceTree = SDKROOT; };
		2899E5210DE3E06400AC0155 /* Objective_ZipViewController.xib */ = {isa = PBXFileReference; lastKnownFileType = file.xib; path = Objective_ZipViewController.xib; sourceTree = "<group>"; };
		28AD733E0D9D9553002E5188 /* MainWindow.xib */ = {isa = PBXFileReference; lastKnownFileType = file.xib; path = MainWindow.xib; sourceTree = "<group>"; };
		28D7ACF60DDB3853001CB0EB /* Objective_ZipViewController.h */ = {isa = PBXFileReference; fileEncoding = 4; lastKnownFileType = sourcecode.c.h; path = Objective_ZipViewController.h; sourceTree = "<group>"; };
		28D7ACF70DDB3853001CB0EB /* Objective_ZipViewController.m */ = {isa = PBXFileReference; fileEncoding = 4; lastKnownFileType = sourcecode.c.objc; path = Objective_ZipViewController.m; sourceTree = "<group>"; };
		29B97316FDCFA39411CA2CEA /* main.m */ = {isa = PBXFileReference; fileEncoding = 4; lastKnownFileType = sourcecode.c.objc; path = main.m; sourceTree = "<group>"; };
		32CA4F630368D1EE00C91783 /* Objective_Zip_Prefix.pch */ = {isa = PBXFileReference; fileEncoding = 4; lastKnownFileType = sourcecode.c.h; path = Objective_Zip_Prefix.pch; sourceTree = "<group>"; };
		8C8F2D3910EBC94B00F75833 /* Default.png */ = {isa = PBXFileReference; lastKnownFileType = image.png; path = Default.png; sourceTree = "<group>"; };
		8C8F2D9210EBCE0300F75833 /* ObjectiveZipIcon.png */ = {isa = PBXFileReference; lastKnownFileType = image.png; path = ObjectiveZipIcon.png; sourceTree = "<group>"; };
		8D1107310486CEB800E47090 /* Objective_Zip-Info.plist */ = {isa = PBXFileReference; fileEncoding = 4; lastKnownFileType = text.plist.xml; path = "Objective_Zip-Info.plist"; plistStructureDefinitionIdentifier = "com.apple.xcode.plist.structure-definition.iphone.info-plist"; sourceTree = "<group>"; };
		B319802E135D159B00741E77 /* libz.dylib */ = {isa = PBXFileReference; lastKnownFileType = "compiled.mach-o.dylib"; name = libz.dylib; path = /usr/lib/libz.dylib; sourceTree = "<absolute>"; };
		B3198047135D179500741E77 /* ioapi.c */ = {isa = PBXFileReference; fileEncoding = 4; lastKnownFileType = sourcecode.c.c; path = ioapi.c; sourceTree = "<group>"; };
		B3198048135D179500741E77 /* ioapi.h */ = {isa = PBXFileReference; fileEncoding = 4; lastKnownFileType = sourcecode.c.h; path = ioapi.h; sourceTree = "<group>"; };
		B3198049135D179500741E77 /* mztools.c */ = {isa = PBXFileReference; fileEncoding = 4; lastKnownFileType = sourcecode.c.c; path = mztools.c; sourceTree = "<group>"; };
		B319804A135D179500741E77 /* mztools.h */ = {isa = PBXFileReference; fileEncoding = 4; lastKnownFileType = sourcecode.c.h; path = mztools.h; sourceTree = "<group>"; };
		B319804B135D179500741E77 /* unzip.c */ = {isa = PBXFileReference; fileEncoding = 4; lastKnownFileType = sourcecode.c.c; path = unzip.c; sourceTree = "<group>"; };
		B319804C135D179500741E77 /* unzip.h */ = {isa = PBXFileReference; fileEncoding = 4; lastKnownFileType = sourcecode.c.h; path = unzip.h; sourceTree = "<group>"; };
		B319804D135D179500741E77 /* zip.c */ = {isa = PBXFileReference; fileEncoding = 4; lastKnownFileType = sourcecode.c.c; path = zip.c; sourceTree = "<group>"; };
		B319804E135D179500741E77 /* zip.h */ = {isa = PBXFileReference; fileEncoding = 4; lastKnownFileType = sourcecode.c.h; path = zip.h; sourceTree = "<group>"; };
		B3198050135D179500741E77 /* FileInZipInfo.h */ = {isa = PBXFileReference; fileEncoding = 4; lastKnownFileType = sourcecode.c.h; path = FileInZipInfo.h; sourceTree = "<group>"; };
		B3198051135D179500741E77 /* FileInZipInfo.m */ = {isa = PBXFileReference; fileEncoding = 4; lastKnownFileType = sourcecode.c.objc; path = FileInZipInfo.m; sourceTree = "<group>"; };
		B3198052135D179500741E77 /* ZipException.h */ = {isa = PBXFileReference; fileEncoding = 4; lastKnownFileType = sourcecode.c.h; path = ZipException.h; sourceTree = "<group>"; };
		B3198053135D179500741E77 /* ZipException.m */ = {isa = PBXFileReference; fileEncoding = 4; lastKnownFileType = sourcecode.c.objc; path = ZipException.m; sourceTree = "<group>"; };
		B3198054135D179500741E77 /* ZipFile.h */ = {isa = PBXFileReference; fileEncoding = 4; lastKnownFileType = sourcecode.c.h; path = ZipFile.h; sourceTree = "<group>"; };
		B3198055135D179500741E77 /* ZipFile.m */ = {isa = PBXFileReference; fileEncoding = 4; lastKnownFileType = sourcecode.c.objc; path = ZipFile.m; sourceTree = "<group>"; };
		B3198056135D179500741E77 /* ZipReadStream.h */ = {isa = PBXFileReference; fileEncoding = 4; lastKnownFileType = sourcecode.c.h; path = ZipReadStream.h; sourceTree = "<group>"; };
		B3198057135D179500741E77 /* ZipReadStream.m */ = {isa = PBXFileReference; fileEncoding = 4; lastKnownFileType = sourcecode.c.objc; path = ZipReadStream.m; sourceTree = "<group>"; };
		B3198058135D179500741E77 /* ZipWriteStream.h */ = {isa = PBXFileReference; fileEncoding = 4; lastKnownFileType = sourcecode.c.h; path = ZipWriteStream.h; sourceTree = "<group>"; };
		B3198059135D179500741E77 /* ZipWriteStream.m */ = {isa = PBXFileReference; fileEncoding = 4; lastKnownFileType = sourcecode.c.objc; path = ZipWriteStream.m; sourceTree = "<group>"; };
/* End PBXFileReference section */

/* Begin PBXFrameworksBuildPhase section */
		1D60588F0D05DD3D006BFB54 /* Frameworks */ = {
			isa = PBXFrameworksBuildPhase;
			buildActionMask = 2147483647;
			files = (
				1D60589F0D05DD5A006BFB54 /* Foundation.framework in Frameworks */,
				1DF5F4E00D08C38300B7A737 /* UIKit.framework in Frameworks */,
				288765A50DF7441C002DB57D /* CoreGraphics.framework in Frameworks */,
				B319802F135D159B00741E77 /* libz.dylib in Frameworks */,
			);
			runOnlyForDeploymentPostprocessing = 0;
		};
/* End PBXFrameworksBuildPhase section */

/* Begin PBXGroup section */
		080E96DDFE201D6D7F000001 /* Classes */ = {
			isa = PBXGroup;
			children = (
				1D3623240D0F684500981E51 /* Objective_ZipAppDelegate.h */,
				1D3623250D0F684500981E51 /* Objective_ZipAppDelegate.m */,
				28D7ACF60DDB3853001CB0EB /* Objective_ZipViewController.h */,
				28D7ACF70DDB3853001CB0EB /* Objective_ZipViewController.m */,
			);
			path = Classes;
			sourceTree = "<group>";
		};
		19C28FACFE9D520D11CA2CBB /* Products */ = {
			isa = PBXGroup;
			children = (
				1D6058910D05DD3D006BFB54 /* Objective-Zip.app */,
			);
			name = Products;
			sourceTree = "<group>";
		};
		29B97314FDCFA39411CA2CEA /* CustomTemplate */ = {
			isa = PBXGroup;
			children = (
				B3198045135D179500741E77 /* MiniZip */,
				B319804F135D179500741E77 /* Objective-Zip */,
				080E96DDFE201D6D7F000001 /* Classes */,
				29B97315FDCFA39411CA2CEA /* Other Sources */,
				29B97317FDCFA39411CA2CEA /* Resources */,
				29B97323FDCFA39411CA2CEA /* Frameworks */,
				19C28FACFE9D520D11CA2CBB /* Products */,
			);
			name = CustomTemplate;
			sourceTree = "<group>";
		};
		29B97315FDCFA39411CA2CEA /* Other Sources */ = {
			isa = PBXGroup;
			children = (
				32CA4F630368D1EE00C91783 /* Objective_Zip_Prefix.pch */,
				29B97316FDCFA39411CA2CEA /* main.m */,
			);
			name = "Other Sources";
			sourceTree = "<group>";
		};
		29B97317FDCFA39411CA2CEA /* Resources */ = {
			isa = PBXGroup;
			children = (
				8C8F2D9210EBCE0300F75833 /* ObjectiveZipIcon.png */,
				8C8F2D3910EBC94B00F75833 /* Default.png */,
				2899E5210DE3E06400AC0155 /* Objective_ZipViewController.xib */,
				28AD733E0D9D9553002E5188 /* MainWindow.xib */,
				8D1107310486CEB800E47090 /* Objective_Zip-Info.plist */,
			);
			name = Resources;
			sourceTree = "<group>";
		};
		29B97323FDCFA39411CA2CEA /* Frameworks */ = {
			isa = PBXGroup;
			children = (
				B319802E135D159B00741E77 /* libz.dylib */,
				1DF5F4DF0D08C38300B7A737 /* UIKit.framework */,
				1D30AB110D05D00D00671497 /* Foundation.framework */,
				288765A40DF7441C002DB57D /* CoreGraphics.framework */,
			);
			name = Frameworks;
			sourceTree = "<group>";
		};
		B3198045135D179500741E77 /* MiniZip */ = {
			isa = PBXGroup;
			children = (
				B3198047135D179500741E77 /* ioapi.c */,
				B3198048135D179500741E77 /* ioapi.h */,
				B3198049135D179500741E77 /* mztools.c */,
				B319804A135D179500741E77 /* mztools.h */,
				B319804B135D179500741E77 /* unzip.c */,
				B319804C135D179500741E77 /* unzip.h */,
				B319804D135D179500741E77 /* zip.c */,
				B319804E135D179500741E77 /* zip.h */,
			);
			name = MiniZip;
			path = ../MiniZip;
			sourceTree = SOURCE_ROOT;
		};
		B319804F135D179500741E77 /* Objective-Zip */ = {
			isa = PBXGroup;
			children = (
				B3198050135D179500741E77 /* FileInZipInfo.h */,
				B3198051135D179500741E77 /* FileInZipInfo.m */,
				B3198052135D179500741E77 /* ZipException.h */,
				B3198053135D179500741E77 /* ZipException.m */,
				B3198054135D179500741E77 /* ZipFile.h */,
				B3198055135D179500741E77 /* ZipFile.m */,
				B3198056135D179500741E77 /* ZipReadStream.h */,
				B3198057135D179500741E77 /* ZipReadStream.m */,
				B3198058135D179500741E77 /* ZipWriteStream.h */,
				B3198059135D179500741E77 /* ZipWriteStream.m */,
			);
			name = "Objective-Zip";
			path = "../Objective-Zip";
			sourceTree = SOURCE_ROOT;
		};
/* End PBXGroup section */

/* Begin PBXNativeTarget section */
		1D6058900D05DD3D006BFB54 /* Objective-Zip */ = {
			isa = PBXNativeTarget;
			buildConfigurationList = 1D6058960D05DD3E006BFB54 /* Build configuration list for PBXNativeTarget "Objective-Zip" */;
			buildPhases = (
				1D60588D0D05DD3D006BFB54 /* Resources */,
				1D60588E0D05DD3D006BFB54 /* Sources */,
				1D60588F0D05DD3D006BFB54 /* Frameworks */,
			);
			buildRules = (
			);
			dependencies = (
			);
			name = "Objective-Zip";
			productName = "Objective-Zip";
			productReference = 1D6058910D05DD3D006BFB54 /* Objective-Zip.app */;
			productType = "com.apple.product-type.application";
		};
/* End PBXNativeTarget section */

/* Begin PBXProject section */
		29B97313FDCFA39411CA2CEA /* Project object */ = {
			isa = PBXProject;
			buildConfigurationList = C01FCF4E08A954540054247B /* Build configuration list for PBXProject "Objective-Zip" */;
			compatibilityVersion = "Xcode 3.1";
			developmentRegion = English;
			hasScannedForEncodings = 1;
			knownRegions = (
				English,
				Japanese,
				French,
				German,
			);
			mainGroup = 29B97314FDCFA39411CA2CEA /* CustomTemplate */;
			projectDirPath = "";
			projectRoot = "";
			targets = (
				1D6058900D05DD3D006BFB54 /* Objective-Zip */,
			);
		};
/* End PBXProject section */

/* Begin PBXResourcesBuildPhase section */
		1D60588D0D05DD3D006BFB54 /* Resources */ = {
			isa = PBXResourcesBuildPhase;
			buildActionMask = 2147483647;
			files = (
				28AD733F0D9D9553002E5188 /* MainWindow.xib in Resources */,
				2899E5220DE3E06400AC0155 /* Objective_ZipViewController.xib in Resources */,
				8C8F2D3A10EBC94B00F75833 /* Default.png in Resources */,
				8C8F2D9310EBCE0300F75833 /* ObjectiveZipIcon.png in Resources */,
			);
			runOnlyForDeploymentPostprocessing = 0;
		};
/* End PBXResourcesBuildPhase section */

/* Begin PBXSourcesBuildPhase section */
		1D60588E0D05DD3D006BFB54 /* Sources */ = {
			isa = PBXSourcesBuildPhase;
			buildActionMask = 2147483647;
			files = (
				1D60589B0D05DD56006BFB54 /* main.m in Sources */,
				1D3623260D0F684500981E51 /* Objective_ZipAppDelegate.m in Sources */,
				28D7ACF80DDB3853001CB0EB /* Objective_ZipViewController.m in Sources */,
				B319805A135D179500741E77 /* ioapi.c in Sources */,
				B319805B135D179500741E77 /* mztools.c in Sources */,
				B319805C135D179500741E77 /* unzip.c in Sources */,
				B319805D135D179500741E77 /* zip.c in Sources */,
				B319805E135D179500741E77 /* FileInZipInfo.m in Sources */,
				B319805F135D179500741E77 /* ZipException.m in Sources */,
				B3198060135D179500741E77 /* ZipFile.m in Sources */,
				B3198061135D179500741E77 /* ZipReadStream.m in Sources */,
				B3198062135D179500741E77 /* ZipWriteStream.m in Sources */,
			);
			runOnlyForDeploymentPostprocessing = 0;
		};
/* End PBXSourcesBuildPhase section */

/* Begin XCBuildConfiguration section */
		1D6058940D05DD3E006BFB54 /* Debug */ = {
			isa = XCBuildConfiguration;
			buildSettings = {
				ALWAYS_SEARCH_USER_PATHS = NO;
				COPY_PHASE_STRIP = NO;
				GCC_DYNAMIC_NO_PIC = NO;
				GCC_OPTIMIZATION_LEVEL = 0;
				GCC_PRECOMPILE_PREFIX_HEADER = YES;
				GCC_PREFIX_HEADER = Objective_Zip_Prefix.pch;
				INFOPLIST_FILE = "Objective_Zip-Info.plist";
				PRODUCT_NAME = "Objective-Zip";
			};
			name = Debug;
		};
		1D6058950D05DD3E006BFB54 /* Release */ = {
			isa = XCBuildConfiguration;
			buildSettings = {
				ALWAYS_SEARCH_USER_PATHS = NO;
				COPY_PHASE_STRIP = YES;
				GCC_PRECOMPILE_PREFIX_HEADER = YES;
				GCC_PREFIX_HEADER = Objective_Zip_Prefix.pch;
				INFOPLIST_FILE = "Objective_Zip-Info.plist";
				PRODUCT_NAME = "Objective-Zip";
			};
			name = Release;
		};
		C01FCF4F08A954540054247B /* Debug */ = {
			isa = XCBuildConfiguration;
			buildSettings = {
				ARCHS = "$(ARCHS_STANDARD_32_BIT)";
				"CODE_SIGN_IDENTITY[sdk=iphoneos*]" = "iPhone Developer";
				GCC_C_LANGUAGE_STANDARD = c99;
				GCC_WARN_ABOUT_RETURN_TYPE = YES;
				GCC_WARN_UNUSED_VARIABLE = YES;
				IPHONEOS_DEPLOYMENT_TARGET = 3.1.2;
				PREBINDING = NO;
				SDKROOT = iphoneos;
			};
			name = Debug;
		};
		C01FCF5008A954540054247B /* Release */ = {
			isa = XCBuildConfiguration;
			buildSettings = {
				ARCHS = "$(ARCHS_STANDARD_32_BIT)";
				"CODE_SIGN_IDENTITY[sdk=iphoneos*]" = "iPhone Developer";
				GCC_C_LANGUAGE_STANDARD = c99;
				GCC_WARN_ABOUT_RETURN_TYPE = YES;
				GCC_WARN_UNUSED_VARIABLE = YES;
				IPHONEOS_DEPLOYMENT_TARGET = 3.1.2;
				PREBINDING = NO;
				SDKROOT = iphoneos;
			};
			name = Release;
		};
/* End XCBuildConfiguration section */

/* Begin XCConfigurationList section */
		1D6058960D05DD3E006BFB54 /* Build configuration list for PBXNativeTarget "Objective-Zip" */ = {
			isa = XCConfigurationList;
			buildConfigurations = (
				1D6058940D05DD3E006BFB54 /* Debug */,
				1D6058950D05DD3E006BFB54 /* Release */,
			);
			defaultConfigurationIsVisible = 0;
			defaultConfigurationName = Release;
		};
		C01FCF4E08A954540054247B /* Build configuration list for PBXProject "Objective-Zip" */ = {
			isa = XCConfigurationList;
			buildConfigurations = (
				C01FCF4F08A954540054247B /* Debug */,
				C01FCF5008A954540054247B /* Release */,
			);
			defaultConfigurationIsVisible = 0;
			defaultConfigurationName = Release;
		};
/* End XCConfigurationList section */
	};
	rootObject = 29B97313FDCFA39411CA2CEA /* Project object */;
}
